
Microsoft Visual Studio Solution File, Format Version 12.00
# Visual Studio Version 16
VisualStudioVersion = 16.0.30503.244
MinimumVisualStudioVersion = 10.0.40219.1
Project("{9A19103F-16F7-4668-BE54-9A1E7A4F7556}") = "ML_and_EuclideanML.Model", "ML_and_EuclideanML.Model\ML_and_EuclideanML.Model.csproj", "{34C93985-8B7A-4BFF-B8DE-BD82910E0345}"
EndProject
Project("{9A19103F-16F7-4668-BE54-9A1E7A4F7556}") = "ML_and_EuclideanML.ConsoleApp", "ML_and_EuclideanML.ConsoleApp\ML_and_EuclideanML.ConsoleApp.csproj", "{A0FC4C9A-0649-4635-9535-8CFC0647EB8B}"
EndProject
Project("{9A19103F-16F7-4668-BE54-9A1E7A4F7556}") = "Machine_LearningML.Model", "Machine_LearningML.Model\Machine_LearningML.Model.csproj", "{448CC7FD-81C8-4A00-907D-E3887EC9BE36}"
EndProject
Global
	GlobalSection(SolutionConfigurationPlatforms) = preSolution
		Debug|Any CPU = Debug|Any CPU
		Release|Any CPU = Release|Any CPU
	EndGlobalSection
	GlobalSection(ProjectConfigurationPlatforms) = postSolution
		{34C93985-8B7A-4BFF-B8DE-BD82910E0345}.Debug|Any CPU.ActiveCfg = Debug|Any CPU
		{34C93985-8B7A-4BFF-B8DE-BD82910E0345}.Debug|Any CPU.Build.0 = Debug|Any CPU
		{34C93985-8B7A-4BFF-B8DE-BD82910E0345}.Release|Any CPU.ActiveCfg = Release|Any CPU
		{34C93985-8B7A-4BFF-B8DE-BD82910E0345}.Release|Any CPU.Build.0 = Release|Any CPU
		{A0FC4C9A-0649-4635-9535-8CFC0647EB8B}.Debug|Any CPU.ActiveCfg = Debug|Any CPU
		{A0FC4C9A-0649-4635-9535-8CFC0647EB8B}.Debug|Any CPU.Build.0 = Debug|Any CPU
		{A0FC4C9A-0649-4635-9535-8CFC0647EB8B}.Release|Any CPU.ActiveCfg = Release|Any CPU
		{A0FC4C9A-0649-4635-9535-8CFC0647EB8B}.Release|Any CPU.Build.0 = Release|Any CPU
		{448CC7FD-81C8-4A00-907D-E3887EC9BE36}.Debug|Any CPU.ActiveCfg = Debug|Any CPU
		{448CC7FD-81C8-4A00-907D-E3887EC9BE36}.Debug|Any CPU.Build.0 = Debug|Any CPU
		{448CC7FD-81C8-4A00-907D-E3887EC9BE36}.Release|Any CPU.ActiveCfg = Release|Any CPU
		{448CC7FD-81C8-4A00-907D-E3887EC9BE36}.Release|Any CPU.Build.0 = Release|Any CPU
	EndGlobalSection
	GlobalSection(SolutionProperties) = preSolution
		HideSolutionNode = FALSE
	EndGlobalSection
	GlobalSection(ExtensibilityGlobals) = postSolution
		SolutionGuid = {68BE2386-8856-456C-A37B-DBE8A911672A}
	EndGlobalSection
EndGlobal
